
Microsoft Visual Studio Solution File, Format Version 12.00
# Visual Studio Version 16
VisualStudioVersion = 16.0.29102.190
MinimumVisualStudioVersion = 10.0.40219.1
Project("{9A19103F-16F7-4668-BE54-9A1E7A4F7556}") = "Website", "Website\Website.csproj", "{E2C231B7-1A39-4900-BFFB-753C20BD28C2}"
EndProject
Global
	GlobalSection(SolutionConfigurationPlatforms) = preSolution
		Debug|Any CPU = Debug|Any CPU
		Release|Any CPU = Release|Any CPU
	EndGlobalSection
	GlobalSection(ProjectConfigurationPlatforms) = postSolution
		{E2C231B7-1A39-4900-BFFB-753C20BD28C2}.Debug|Any CPU.ActiveCfg = Debug|Any CPU
		{E2C231B7-1A39-4900-BFFB-753C20BD28C2}.Debug|Any CPU.Build.0 = Debug|Any CPU
		{E2C231B7-1A39-4900-BFFB-753C20BD28C2}.Release|Any CPU.ActiveCfg = Release|Any CPU
		{E2C231B7-1A39-4900-BFFB-753C20BD28C2}.Release|Any CPU.Build.0 = Release|Any CPU
	EndGlobalSection
	GlobalSection(SolutionProperties) = preSolution
		HideSolutionNode = FALSE
	EndGlobalSection
	GlobalSection(ExtensibilityGlobals) = postSolution
		SolutionGuid = {E7342F3A-7FEE-4AD4-87F7-F75CD41845A6}
	EndGlobalSection
EndGlobal
